// !$*UTF8*$!
{
	archiveVersion = 1;
	classes = {
	};
	objectVersion = 46;
	objects = {

/* Begin PBXBuildFile section */
		12997FDA1DFA8DF800457E90 /* AppDelegate.swift in Sources */ = {isa = PBXBuildFile; fileRef = 12997FD91DFA8DF800457E90 /* AppDelegate.swift */; };
		12997FDC1DFA8DF800457E90 /* ViewController.swift in Sources */ = {isa = PBXBuildFile; fileRef = 12997FDB1DFA8DF800457E90 /* ViewController.swift */; };
		12997FDF1DFA8DF800457E90 /* Main.storyboard in Resources */ = {isa = PBXBuildFile; fileRef = 12997FDD1DFA8DF800457E90 /* Main.storyboard */; };
		12997FE11DFA8DF800457E90 /* Assets.xcassets in Resources */ = {isa = PBXBuildFile; fileRef = 12997FE01DFA8DF800457E90 /* Assets.xcassets */; };
		12997FE41DFA8DF800457E90 /* LaunchScreen.storyboard in Resources */ = {isa = PBXBuildFile; fileRef = 12997FE21DFA8DF800457E90 /* LaunchScreen.storyboard */; };
		12997FEC1DFA8E2500457E90 /* Vi.swift in Sources */ = {isa = PBXBuildFile; fileRef = 12997FEB1DFA8E2500457E90 /* Vi.swift */; };
/* End PBXBuildFile section */

/* Begin PBXFileReference section */
		12997FD61DFA8DF800457E90 /* Vi.app */ = {isa = PBXFileReference; explicitFileType = wrapper.application; includeInIndex = 0; path = Vi.app; sourceTree = BUILT_PRODUCTS_DIR; };
		12997FD91DFA8DF800457E90 /* AppDelegate.swift */ = {isa = PBXFileReference; lastKnownFileType = sourcecode.swift; path = AppDelegate.swift; sourceTree = "<group>"; };
		12997FDB1DFA8DF800457E90 /* ViewController.swift */ = {isa = PBXFileReference; lastKnownFileType = sourcecode.swift; path = ViewController.swift; sourceTree = "<group>"; };
		12997FDE1DFA8DF800457E90 /* Base */ = {isa = PBXFileReference; lastKnownFileType = file.storyboard; name = Base; path = Base.lproj/Main.storyboard; sourceTree = "<group>"; };
		12997FE01DFA8DF800457E90 /* Assets.xcassets */ = {isa = PBXFileReference; lastKnownFileType = folder.assetcatalog; path = Assets.xcassets; sourceTree = "<group>"; };
		12997FE31DFA8DF800457E90 /* Base */ = {isa = PBXFileReference; lastKnownFileType = file.storyboard; name = Base; path = Base.lproj/LaunchScreen.storyboard; sourceTree = "<group>"; };
		12997FE51DFA8DF800457E90 /* Info.plist */ = {isa = PBXFileReference; lastKnownFileType = text.plist.xml; path = Info.plist; sourceTree = "<group>"; };
		12997FEB1DFA8E2500457E90 /* Vi.swift */ = {isa = PBXFileReference; fileEncoding = 4; lastKnownFileType = sourcecode.swift; path = Vi.swift; sourceTree = "<group>"; };
/* End PBXFileReference section */

/* Begin PBXFrameworksBuildPhase section */
		12997FD31DFA8DF800457E90 /* Frameworks */ = {
			isa = PBXFrameworksBuildPhase;
			buildActionMask = 2147483647;
			files = (
			);
			runOnlyForDeploymentPostprocessing = 0;
		};
/* End PBXFrameworksBuildPhase section */

/* Begin PBXGroup section */
		12997FCD1DFA8DF800457E90 = {
			isa = PBXGroup;
			children = (
				12997FD81DFA8DF800457E90 /* Vi */,
				12997FD71DFA8DF800457E90 /* Products */,
			);
			sourceTree = "<group>";
		};
		12997FD71DFA8DF800457E90 /* Products */ = {
			isa = PBXGroup;
			children = (
				12997FD61DFA8DF800457E90 /* Vi.app */,
			);
			name = Products;
			sourceTree = "<group>";
		};
		12997FD81DFA8DF800457E90 /* Vi */ = {
			isa = PBXGroup;
			children = (
				12997FD91DFA8DF800457E90 /* AppDelegate.swift */,
				12997FEB1DFA8E2500457E90 /* Vi.swift */,
				12997FDB1DFA8DF800457E90 /* ViewController.swift */,
				12997FDD1DFA8DF800457E90 /* Main.storyboard */,
				12997FE01DFA8DF800457E90 /* Assets.xcassets */,
				12997FE21DFA8DF800457E90 /* LaunchScreen.storyboard */,
				12997FE51DFA8DF800457E90 /* Info.plist */,
			);
			path = Vi;
			sourceTree = "<group>";
		};
/* End PBXGroup section */

/* Begin PBXNativeTarget section */
		12997FD51DFA8DF800457E90 /* Vi */ = {
			isa = PBXNativeTarget;
			buildConfigurationList = 12997FE81DFA8DF800457E90 /* Build configuration list for PBXNativeTarget "Vi" */;
			buildPhases = (
				12997FD21DFA8DF800457E90 /* Sources */,
				12997FD31DFA8DF800457E90 /* Frameworks */,
				12997FD41DFA8DF800457E90 /* Resources */,
			);
			buildRules = (
			);
			dependencies = (
			);
			name = Vi;
			productName = Vi;
			productReference = 12997FD61DFA8DF800457E90 /* Vi.app */;
			productType = "com.apple.product-type.application";
		};
/* End PBXNativeTarget section */

/* Begin PBXProject section */
		12997FCE1DFA8DF800457E90 /* Project object */ = {
			isa = PBXProject;
			attributes = {
				LastSwiftUpdateCheck = 0820;
				LastUpgradeCheck = 0820;
				ORGANIZATIONNAME = "Stamp inc";
				TargetAttributes = {
					12997FD51DFA8DF800457E90 = {
						CreatedOnToolsVersion = 8.2;
						DevelopmentTeam = 88ACA86N96;
						ProvisioningStyle = Automatic;
					};
				};
			};
			buildConfigurationList = 12997FD11DFA8DF800457E90 /* Build configuration list for PBXProject "Vi" */;
			compatibilityVersion = "Xcode 3.2";
			developmentRegion = English;
			hasScannedForEncodings = 0;
			knownRegions = (
				en,
				Base,
			);
			mainGroup = 12997FCD1DFA8DF800457E90;
			productRefGroup = 12997FD71DFA8DF800457E90 /* Products */;
			projectDirPath = "";
			projectRoot = "";
			targets = (
				12997FD51DFA8DF800457E90 /* Vi */,
			);
		};
/* End PBXProject section */

/* Begin PBXResourcesBuildPhase section */
		12997FD41DFA8DF800457E90 /* Resources */ = {
			isa = PBXResourcesBuildPhase;
			buildActionMask = 2147483647;
			files = (
				12997FE41DFA8DF800457E90 /* LaunchScreen.storyboard in Resources */,
				12997FE11DFA8DF800457E90 /* Assets.xcassets in Resources */,
				12997FDF1DFA8DF800457E90 /* Main.storyboard in Resources */,
			);
			runOnlyForDeploymentPostprocessing = 0;
		};
/* End PBXResourcesBuildPhase section */

/* Begin PBXSourcesBuildPhase section */
		12997FD21DFA8DF800457E90 /* Sources */ = {
			isa = PBXSourcesBuildPhase;
			buildActionMask = 2147483647;
			files = (
				12997FDC1DFA8DF800457E90 /* ViewController.swift in Sources */,
				12997FDA1DFA8DF800457E90 /* AppDelegate.swift in Sources */,
				12997FEC1DFA8E2500457E90 /* Vi.swift in Sources */,
			);
			runOnlyForDeploymentPostprocessing = 0;
		};
/* End PBXSourcesBuildPhase section */

/* Begin PBXVariantGroup section */
		12997FDD1DFA8DF800457E90 /* Main.storyboard */ = {
			isa = PBXVariantGroup;
			children = (
				12997FDE1DFA8DF800457E90 /* Base */,
			);
			name = Main.storyboard;
			sourceTree = "<group>";
		};
		12997FE21DFA8DF800457E90 /* LaunchScreen.storyboard */ = {
			isa = PBXVariantGroup;
			children = (
				12997FE31DFA8DF800457E90 /* Base */,
			);
			name = LaunchScreen.storyboard;
			sourceTree = "<group>";
		};
/* End PBXVariantGroup section */

/* Begin XCBuildConfiguration section */
		12997FE61DFA8DF800457E90 /* Debug */ = {
			isa = XCBuildConfiguration;
			buildSettings = {
				ALWAYS_SEARCH_USER_PATHS = NO;
				CLANG_ANALYZER_NONNULL = YES;
				CLANG_CXX_LANGUAGE_STANDARD = "gnu++0x";
				CLANG_CXX_LIBRARY = "libc++";
				CLANG_ENABLE_MODULES = YES;
				CLANG_ENABLE_OBJC_ARC = YES;
				CLANG_WARN_BOOL_CONVERSION = YES;
				CLANG_WARN_CONSTANT_CONVERSION = YES;
				CLANG_WARN_DIRECT_OBJC_ISA_USAGE = YES_ERROR;
				CLANG_WARN_DOCUMENTATION_COMMENTS = YES;
				CLANG_WARN_EMPTY_BODY = YES;
				CLANG_WARN_ENUM_CONVERSION = YES;
				CLANG_WARN_INFINITE_RECURSION = YES;
				CLANG_WARN_INT_CONVERSION = YES;
				CLANG_WARN_OBJC_ROOT_CLASS = YES_ERROR;
				CLANG_WARN_SUSPICIOUS_MOVE = YES;
				CLANG_WARN_UNREACHABLE_CODE = YES;
				CLANG_WARN__DUPLICATE_METHOD_MATCH = YES;
				"CODE_SIGN_IDENTITY[sdk=iphoneos*]" = "iPhone Developer";
				COPY_PHASE_STRIP = NO;
				DEBUG_INFORMATION_FORMAT = dwarf;
				ENABLE_STRICT_OBJC_MSGSEND = YES;
				ENABLE_TESTABILITY = YES;
				GCC_C_LANGUAGE_STANDARD = gnu99;
				GCC_DYNAMIC_NO_PIC = NO;
				GCC_NO_COMMON_BLOCKS = YES;
				GCC_OPTIMIZATION_LEVEL = 0;
				GCC_PREPROCESSOR_DEFINITIONS = (
					"DEBUG=1",
					"$(inherited)",
				);
				GCC_WARN_64_TO_32_BIT_CONVERSION = YES;
				GCC_WARN_ABOUT_RETURN_TYPE = YES_ERROR;
				GCC_WARN_UNDECLARED_SELECTOR = YES;
				GCC_WARN_UNINITIALIZED_AUTOS = YES_AGGRESSIVE;
				GCC_WARN_UNUSED_FUNCTION = YES;
				GCC_WARN_UNUSED_VARIABLE = YES;
				IPHONEOS_DEPLOYMENT_TARGET = 10.2;
				MTL_ENABLE_DEBUG_INFO = YES;
				ONLY_ACTIVE_ARCH = YES;
				SDKROOT = iphoneos;
				SWIFT_ACTIVE_COMPILATION_CONDITIONS = DEBUG;
				SWIFT_OPTIMIZATION_LEVEL = "-Onone";
				TARGETED_DEVICE_FAMILY = "1,2";
			};
			name = Debug;
		};
		12997FE71DFA8DF800457E90 /* Release */ = {
			isa = XCBuildConfiguration;
			buildSettings = {
				ALWAYS_SEARCH_USER_PATHS = NO;
				CLANG_ANALYZER_NONNULL = YES;
				CLANG_CXX_LANGUAGE_STANDARD = "gnu++0x";
				CLANG_CXX_LIBRARY = "libc++";
				CLANG_ENABLE_MODULES = YES;
				CLANG_ENABLE_OBJC_ARC = YES;
				CLANG_WARN_BOOL_CONVERSION = YES;
				CLANG_WARN_CONSTANT_CONVERSION = YES;
				CLANG_WARN_DIRECT_OBJC_ISA_USAGE = YES_ERROR;
				CLANG_WARN_DOCUMENTATION_COMMENTS = YES;
				CLANG_WARN_EMPTY_BODY = YES;
				CLANG_WARN_ENUM_CONVERSION = YES;
				CLANG_WARN_INFINITE_RECURSION = YES;
				CLANG_WARN_INT_CONVERSION = YES;
				CLANG_WARN_OBJC_ROOT_CLASS = YES_ERROR;
				CLANG_WARN_SUSPICIOUS_MOVE = YES;
				CLANG_WARN_UNREACHABLE_CODE = YES;
				CLANG_WARN__DUPLICATE_METHOD_MATCH = YES;
				"CODE_SIGN_IDENTITY[sdk=iphoneos*]" = "iPhone Developer";
				COPY_PHASE_STRIP = NO;
				DEBUG_INFORMATION_FORMAT = "dwarf-with-dsym";
				ENABLE_NS_ASSERTIONS = NO;
				ENABLE_STRICT_OBJC_MSGSEND = YES;
				GCC_C_LANGUAGE_STANDARD = gnu99;
				GCC_NO_COMMON_BLOCKS = YES;
				GCC_WARN_64_TO_32_BIT_CONVERSION = YES;
				GCC_WARN_ABOUT_RETURN_TYPE = YES_ERROR;
				GCC_WARN_UNDECLARED_SELECTOR = YES;
				GCC_WARN_UNINITIALIZED_AUTOS = YES_AGGRESSIVE;
				GCC_WARN_UNUSED_FUNCTION = YES;
				GCC_WARN_UNUSED_VARIABLE = YES;
				IPHONEOS_DEPLOYMENT_TARGET = 10.2;
				MTL_ENABLE_DEBUG_INFO = NO;
				SDKROOT = iphoneos;
				SWIFT_OPTIMIZATION_LEVEL = "-Owholemodule";
				TARGETED_DEVICE_FAMILY = "1,2";
				VALIDATE_PRODUCT = YES;
			};
			name = Release;
		};
		12997FE91DFA8DF800457E90 /* Debug */ = {
			isa = XCBuildConfiguration;
			buildSettings = {
				ASSETCATALOG_COMPILER_APPICON_NAME = AppIcon;
				DEVELOPMENT_TEAM = 88ACA86N96;
				INFOPLIST_FILE = Vi/Info.plist;
				LD_RUNPATH_SEARCH_PATHS = "$(inherited) @executable_path/Frameworks";
				PRODUCT_BUNDLE_IDENTIFIER = inc.stamp.Vi;
				PRODUCT_NAME = "$(TARGET_NAME)";
				SWIFT_VERSION = 3.0;
			};
			name = Debug;
		};
		12997FEA1DFA8DF800457E90 /* Release */ = {
			isa = XCBuildConfiguration;
			buildSettings = {
				ASSETCATALOG_COMPILER_APPICON_NAME = AppIcon;
				DEVELOPMENT_TEAM = 88ACA86N96;
				INFOPLIST_FILE = Vi/Info.plist;
				LD_RUNPATH_SEARCH_PATHS = "$(inherited) @executable_path/Frameworks";
				PRODUCT_BUNDLE_IDENTIFIER = inc.stamp.Vi;
				PRODUCT_NAME = "$(TARGET_NAME)";
				SWIFT_VERSION = 3.0;
			};
			name = Release;
		};
/* End XCBuildConfiguration section */

/* Begin XCConfigurationList section */
		12997FD11DFA8DF800457E90 /* Build configuration list for PBXProject "Vi" */ = {
			isa = XCConfigurationList;
			buildConfigurations = (
				12997FE61DFA8DF800457E90 /* Debug */,
				12997FE71DFA8DF800457E90 /* Release */,
			);
			defaultConfigurationIsVisible = 0;
			defaultConfigurationName = Release;
		};
		12997FE81DFA8DF800457E90 /* Build configuration list for PBXNativeTarget "Vi" */ = {
			isa = XCConfigurationList;
			buildConfigurations = (
				12997FE91DFA8DF800457E90 /* Debug */,
				12997FEA1DFA8DF800457E90 /* Release */,
			);
			defaultConfigurationIsVisible = 0;
		};
/* End XCConfigurationList section */
	};
	rootObject = 12997FCE1DFA8DF800457E90 /* Project object */;
}
